// !$*UTF8*$!
{
	archiveVersion = 1;
	classes = {
	};
	objectVersion = 56;
	objects = {

/* Begin PBXBuildFile section */
		24BCDB8A29953D2D006FDDE5 /* AppDelegate.swift in Sources */ = {isa = PBXBuildFile; fileRef = 24BCDB8929953D2D006FDDE5 /* AppDelegate.swift */; };
		24BCDB8C29953D2D006FDDE5 /* GameScene.sks in Resources */ = {isa = PBXBuildFile; fileRef = 24BCDB8B29953D2D006FDDE5 /* GameScene.sks */; };
		24BCDB8E29953D2D006FDDE5 /* Actions.sks in Resources */ = {isa = PBXBuildFile; fileRef = 24BCDB8D29953D2D006FDDE5 /* Actions.sks */; };
		24BCDB9029953D2D006FDDE5 /* GameScene.swift in Sources */ = {isa = PBXBuildFile; fileRef = 24BCDB8F29953D2D006FDDE5 /* GameScene.swift */; };
		24BCDB9229953D2D006FDDE5 /* GameViewController.swift in Sources */ = {isa = PBXBuildFile; fileRef = 24BCDB9129953D2D006FDDE5 /* GameViewController.swift */; };
		24BCDB9529953D2D006FDDE5 /* Main.storyboard in Resources */ = {isa = PBXBuildFile; fileRef = 24BCDB9329953D2D006FDDE5 /* Main.storyboard */; };
		24BCDB9729953D2D006FDDE5 /* Assets.xcassets in Resources */ = {isa = PBXBuildFile; fileRef = 24BCDB9629953D2D006FDDE5 /* Assets.xcassets */; };
		24BCDB9A29953D2D006FDDE5 /* LaunchScreen.storyboard in Resources */ = {isa = PBXBuildFile; fileRef = 24BCDB9829953D2D006FDDE5 /* LaunchScreen.storyboard */; };
		24BCDBA429953D2D006FDDE5 /* Platformer_Game___Roy_AlamehTests.swift in Sources */ = {isa = PBXBuildFile; fileRef = 24BCDBA329953D2D006FDDE5 /* Platformer_Game___Roy_AlamehTests.swift */; };
		24BCDBAE29953D2D006FDDE5 /* Platformer_Game___Roy_AlamehUITests.swift in Sources */ = {isa = PBXBuildFile; fileRef = 24BCDBAD29953D2D006FDDE5 /* Platformer_Game___Roy_AlamehUITests.swift */; };
		24BCDBB029953D2D006FDDE5 /* Platformer_Game___Roy_AlamehUITestsLaunchTests.swift in Sources */ = {isa = PBXBuildFile; fileRef = 24BCDBAF29953D2D006FDDE5 /* Platformer_Game___Roy_AlamehUITestsLaunchTests.swift */; };
		24F1E899299F353000D078DC /* EndScene.sks in Resources */ = {isa = PBXBuildFile; fileRef = 24F1E898299F353000D078DC /* EndScene.sks */; };
		24F1E89B299F37CE00D078DC /* EndScene.swift in Sources */ = {isa = PBXBuildFile; fileRef = 24F1E89A299F37CE00D078DC /* EndScene.swift */; };
/* End PBXBuildFile section */

/* Begin PBXContainerItemProxy section */
		24BCDBA029953D2D006FDDE5 /* PBXContainerItemProxy */ = {
			isa = PBXContainerItemProxy;
			containerPortal = 24BCDB7E29953D2D006FDDE5 /* Project object */;
			proxyType = 1;
			remoteGlobalIDString = 24BCDB8529953D2D006FDDE5;
			remoteInfo = "Platformer Game - Roy Alameh";
		};
		24BCDBAA29953D2D006FDDE5 /* PBXContainerItemProxy */ = {
			isa = PBXContainerItemProxy;
			containerPortal = 24BCDB7E29953D2D006FDDE5 /* Project object */;
			proxyType = 1;
			remoteGlobalIDString = 24BCDB8529953D2D006FDDE5;
			remoteInfo = "Platformer Game - Roy Alameh";
		};
/* End PBXContainerItemProxy section */

/* Begin PBXFileReference section */
		24BCDB8629953D2D006FDDE5 /* Platformer Game1 - Roy Alameh.app */ = {isa = PBXFileReference; explicitFileType = wrapper.application; includeInIndex = 0; path = "Platformer Game1 - Roy Alameh.app"; sourceTree = BUILT_PRODUCTS_DIR; };
		24BCDB8929953D2D006FDDE5 /* AppDelegate.swift */ = {isa = PBXFileReference; lastKnownFileType = sourcecode.swift; path = AppDelegate.swift; sourceTree = "<group>"; };
		24BCDB8B29953D2D006FDDE5 /* GameScene.sks */ = {isa = PBXFileReference; lastKnownFileType = file.sks; path = GameScene.sks; sourceTree = "<group>"; };
		24BCDB8D29953D2D006FDDE5 /* Actions.sks */ = {isa = PBXFileReference; lastKnownFileType = file.sks; path = Actions.sks; sourceTree = "<group>"; };
		24BCDB8F29953D2D006FDDE5 /* GameScene.swift */ = {isa = PBXFileReference; lastKnownFileType = sourcecode.swift; path = GameScene.swift; sourceTree = "<group>"; };
		24BCDB9129953D2D006FDDE5 /* GameViewController.swift */ = {isa = PBXFileReference; lastKnownFileType = sourcecode.swift; path = GameViewController.swift; sourceTree = "<group>"; };
		24BCDB9429953D2D006FDDE5 /* Base */ = {isa = PBXFileReference; lastKnownFileType = file.storyboard; name = Base; path = Base.lproj/Main.storyboard; sourceTree = "<group>"; };
		24BCDB9629953D2D006FDDE5 /* Assets.xcassets */ = {isa = PBXFileReference; lastKnownFileType = folder.assetcatalog; path = Assets.xcassets; sourceTree = "<group>"; };
		24BCDB9929953D2D006FDDE5 /* Base */ = {isa = PBXFileReference; lastKnownFileType = file.storyboard; name = Base; path = Base.lproj/LaunchScreen.storyboard; sourceTree = "<group>"; };
		24BCDB9F29953D2D006FDDE5 /* Platformer Game1 - Roy AlamehTests.xctest */ = {isa = PBXFileReference; explicitFileType = wrapper.cfbundle; includeInIndex = 0; path = "Platformer Game1 - Roy AlamehTests.xctest"; sourceTree = BUILT_PRODUCTS_DIR; };
		24BCDBA329953D2D006FDDE5 /* Platformer_Game___Roy_AlamehTests.swift */ = {isa = PBXFileReference; lastKnownFileType = sourcecode.swift; path = "Platformer_Game___Roy_AlamehTests.swift"; sourceTree = "<group>"; };
		24BCDBA929953D2D006FDDE5 /* Platformer Game1 - Roy AlamehUITests.xctest */ = {isa = PBXFileReference; explicitFileType = wrapper.cfbundle; includeInIndex = 0; path = "Platformer Game1 - Roy AlamehUITests.xctest"; sourceTree = BUILT_PRODUCTS_DIR; };
		24BCDBAD29953D2D006FDDE5 /* Platformer_Game___Roy_AlamehUITests.swift */ = {isa = PBXFileReference; lastKnownFileType = sourcecode.swift; path = "Platformer_Game___Roy_AlamehUITests.swift"; sourceTree = "<group>"; };
		24BCDBAF29953D2D006FDDE5 /* Platformer_Game___Roy_AlamehUITestsLaunchTests.swift */ = {isa = PBXFileReference; lastKnownFileType = sourcecode.swift; path = "Platformer_Game___Roy_AlamehUITestsLaunchTests.swift"; sourceTree = "<group>"; };
		24F1E898299F353000D078DC /* EndScene.sks */ = {isa = PBXFileReference; lastKnownFileType = file.sks; path = EndScene.sks; sourceTree = "<group>"; };
		24F1E89A299F37CE00D078DC /* EndScene.swift */ = {isa = PBXFileReference; lastKnownFileType = sourcecode.swift; path = EndScene.swift; sourceTree = "<group>"; };
/* End PBXFileReference section */

/* Begin PBXFrameworksBuildPhase section */
		24BCDB8329953D2D006FDDE5 /* Frameworks */ = {
			isa = PBXFrameworksBuildPhase;
			buildActionMask = 2147483647;
			files = (
			);
			runOnlyForDeploymentPostprocessing = 0;
		};
		24BCDB9C29953D2D006FDDE5 /* Frameworks */ = {
			isa = PBXFrameworksBuildPhase;
			buildActionMask = 2147483647;
			files = (
			);
			runOnlyForDeploymentPostprocessing = 0;
		};
		24BCDBA629953D2D006FDDE5 /* Frameworks */ = {
			isa = PBXFrameworksBuildPhase;
			buildActionMask = 2147483647;
			files = (
			);
			runOnlyForDeploymentPostprocessing = 0;
		};
/* End PBXFrameworksBuildPhase section */

/* Begin PBXGroup section */
		24BCDB7D29953D2D006FDDE5 = {
			isa = PBXGroup;
			children = (
				24BCDB8829953D2D006FDDE5 /* Platformer Game - Roy Alameh */,
				24BCDBA229953D2D006FDDE5 /* Platformer Game - Roy AlamehTests */,
				24BCDBAC29953D2D006FDDE5 /* Platformer Game - Roy AlamehUITests */,
				24BCDB8729953D2D006FDDE5 /* Products */,
			);
			sourceTree = "<group>";
		};
		24BCDB8729953D2D006FDDE5 /* Products */ = {
			isa = PBXGroup;
			children = (
				24BCDB8629953D2D006FDDE5 /* Platformer Game1 - Roy Alameh.app */,
				24BCDB9F29953D2D006FDDE5 /* Platformer Game1 - Roy AlamehTests.xctest */,
				24BCDBA929953D2D006FDDE5 /* Platformer Game1 - Roy AlamehUITests.xctest */,
			);
			name = Products;
			sourceTree = "<group>";
		};
		24BCDB8829953D2D006FDDE5 /* Platformer Game - Roy Alameh */ = {
			isa = PBXGroup;
			children = (
				24BCDB8929953D2D006FDDE5 /* AppDelegate.swift */,
				24BCDB8B29953D2D006FDDE5 /* GameScene.sks */,
				24BCDB8D29953D2D006FDDE5 /* Actions.sks */,
				24BCDB8F29953D2D006FDDE5 /* GameScene.swift */,
				24F1E898299F353000D078DC /* EndScene.sks */,
				24F1E89A299F37CE00D078DC /* EndScene.swift */,
				24BCDB9129953D2D006FDDE5 /* GameViewController.swift */,
				24BCDB9329953D2D006FDDE5 /* Main.storyboard */,
				24BCDB9629953D2D006FDDE5 /* Assets.xcassets */,
				24BCDB9829953D2D006FDDE5 /* LaunchScreen.storyboard */,
			);
			path = "Platformer Game - Roy Alameh";
			sourceTree = "<group>";
		};
		24BCDBA229953D2D006FDDE5 /* Platformer Game - Roy AlamehTests */ = {
			isa = PBXGroup;
			children = (
				24BCDBA329953D2D006FDDE5 /* Platformer_Game___Roy_AlamehTests.swift */,
			);
			path = "Platformer Game - Roy AlamehTests";
			sourceTree = "<group>";
		};
		24BCDBAC29953D2D006FDDE5 /* Platformer Game - Roy AlamehUITests */ = {
			isa = PBXGroup;
			children = (
				24BCDBAD29953D2D006FDDE5 /* Platformer_Game___Roy_AlamehUITests.swift */,
				24BCDBAF29953D2D006FDDE5 /* Platformer_Game___Roy_AlamehUITestsLaunchTests.swift */,
			);
			path = "Platformer Game - Roy AlamehUITests";
			sourceTree = "<group>";
		};
/* End PBXGroup section */

/* Begin PBXNativeTarget section */
		24BCDB8529953D2D006FDDE5 /* Platformer Game1 - Roy Alameh */ = {
			isa = PBXNativeTarget;
			buildConfigurationList = 24BCDBB329953D2D006FDDE5 /* Build configuration list for PBXNativeTarget "Platformer Game1 - Roy Alameh" */;
			buildPhases = (
				24BCDB8229953D2D006FDDE5 /* Sources */,
				24BCDB8329953D2D006FDDE5 /* Frameworks */,
				24BCDB8429953D2D006FDDE5 /* Resources */,
			);
			buildRules = (
			);
			dependencies = (
			);
			name = "Platformer Game1 - Roy Alameh";
			productName = "Platformer Game - Roy Alameh";
			productReference = 24BCDB8629953D2D006FDDE5 /* Platformer Game1 - Roy Alameh.app */;
			productType = "com.apple.product-type.application";
		};
		24BCDB9E29953D2D006FDDE5 /* Platformer Game1 - Roy AlamehTests */ = {
			isa = PBXNativeTarget;
			buildConfigurationList = 24BCDBB629953D2D006FDDE5 /* Build configuration list for PBXNativeTarget "Platformer Game1 - Roy AlamehTests" */;
			buildPhases = (
				24BCDB9B29953D2D006FDDE5 /* Sources */,
				24BCDB9C29953D2D006FDDE5 /* Frameworks */,
				24BCDB9D29953D2D006FDDE5 /* Resources */,
			);
			buildRules = (
			);
			dependencies = (
				24BCDBA129953D2D006FDDE5 /* PBXTargetDependency */,
			);
			name = "Platformer Game1 - Roy AlamehTests";
			productName = "Platformer Game - Roy AlamehTests";
			productReference = 24BCDB9F29953D2D006FDDE5 /* Platformer Game1 - Roy AlamehTests.xctest */;
			productType = "com.apple.product-type.bundle.unit-test";
		};
		24BCDBA829953D2D006FDDE5 /* Platformer Game1 - Roy AlamehUITests */ = {
			isa = PBXNativeTarget;
			buildConfigurationList = 24BCDBB929953D2D006FDDE5 /* Build configuration list for PBXNativeTarget "Platformer Game1 - Roy AlamehUITests" */;
			buildPhases = (
				24BCDBA529953D2D006FDDE5 /* Sources */,
				24BCDBA629953D2D006FDDE5 /* Frameworks */,
				24BCDBA729953D2D006FDDE5 /* Resources */,
			);
			buildRules = (
			);
			dependencies = (
				24BCDBAB29953D2D006FDDE5 /* PBXTargetDependency */,
			);
			name = "Platformer Game1 - Roy AlamehUITests";
			productName = "Platformer Game - Roy AlamehUITests";
			productReference = 24BCDBA929953D2D006FDDE5 /* Platformer Game1 - Roy AlamehUITests.xctest */;
			productType = "com.apple.product-type.bundle.ui-testing";
		};
/* End PBXNativeTarget section */

/* Begin PBXProject section */
		24BCDB7E29953D2D006FDDE5 /* Project object */ = {
			isa = PBXProject;
			attributes = {
				BuildIndependentTargetsInParallel = 1;
				LastSwiftUpdateCheck = 1420;
				LastUpgradeCheck = 1420;
				TargetAttributes = {
					24BCDB8529953D2D006FDDE5 = {
						CreatedOnToolsVersion = 14.2;
					};
					24BCDB9E29953D2D006FDDE5 = {
						CreatedOnToolsVersion = 14.2;
						TestTargetID = 24BCDB8529953D2D006FDDE5;
					};
					24BCDBA829953D2D006FDDE5 = {
						CreatedOnToolsVersion = 14.2;
						TestTargetID = 24BCDB8529953D2D006FDDE5;
					};
				};
			};
			buildConfigurationList = 24BCDB8129953D2D006FDDE5 /* Build configuration list for PBXProject "Platformer Game1 - Roy Alameh" */;
			compatibilityVersion = "Xcode 14.0";
			developmentRegion = en;
			hasScannedForEncodings = 0;
			knownRegions = (
				en,
				Base,
			);
			mainGroup = 24BCDB7D29953D2D006FDDE5;
			productRefGroup = 24BCDB8729953D2D006FDDE5 /* Products */;
			projectDirPath = "";
			projectRoot = "";
			targets = (
				24BCDB8529953D2D006FDDE5 /* Platformer Game1 - Roy Alameh */,
				24BCDB9E29953D2D006FDDE5 /* Platformer Game1 - Roy AlamehTests */,
				24BCDBA829953D2D006FDDE5 /* Platformer Game1 - Roy AlamehUITests */,
			);
		};
/* End PBXProject section */

/* Begin PBXResourcesBuildPhase section */
		24BCDB8429953D2D006FDDE5 /* Resources */ = {
			isa = PBXResourcesBuildPhase;
			buildActionMask = 2147483647;
			files = (
				24BCDB9529953D2D006FDDE5 /* Main.storyboard in Resources */,
				24BCDB8C29953D2D006FDDE5 /* GameScene.sks in Resources */,
				24BCDB9729953D2D006FDDE5 /* Assets.xcassets in Resources */,
				24F1E899299F353000D078DC /* EndScene.sks in Resources */,
				24BCDB9A29953D2D006FDDE5 /* LaunchScreen.storyboard in Resources */,
				24BCDB8E29953D2D006FDDE5 /* Actions.sks in Resources */,
			);
			runOnlyForDeploymentPostprocessing = 0;
		};
		24BCDB9D29953D2D006FDDE5 /* Resources */ = {
			isa = PBXResourcesBuildPhase;
			buildActionMask = 2147483647;
			files = (
			);
			runOnlyForDeploymentPostprocessing = 0;
		};
		24BCDBA729953D2D006FDDE5 /* Resources */ = {
			isa = PBXResourcesBuildPhase;
			buildActionMask = 2147483647;
			files = (
			);
			runOnlyForDeploymentPostprocessing = 0;
		};
/* End PBXResourcesBuildPhase section */

/* Begin PBXSourcesBuildPhase section */
		24BCDB8229953D2D006FDDE5 /* Sources */ = {
			isa = PBXSourcesBuildPhase;
			buildActionMask = 2147483647;
			files = (
				24BCDB9029953D2D006FDDE5 /* GameScene.swift in Sources */,
				24F1E89B299F37CE00D078DC /* EndScene.swift in Sources */,
				24BCDB9229953D2D006FDDE5 /* GameViewController.swift in Sources */,
				24BCDB8A29953D2D006FDDE5 /* AppDelegate.swift in Sources */,
			);
			runOnlyForDeploymentPostprocessing = 0;
		};
		24BCDB9B29953D2D006FDDE5 /* Sources */ = {
			isa = PBXSourcesBuildPhase;
			buildActionMask = 2147483647;
			files = (
				24BCDBA429953D2D006FDDE5 /* Platformer_Game___Roy_AlamehTests.swift in Sources */,
			);
			runOnlyForDeploymentPostprocessing = 0;
		};
		24BCDBA529953D2D006FDDE5 /* Sources */ = {
			isa = PBXSourcesBuildPhase;
			buildActionMask = 2147483647;
			files = (
				24BCDBAE29953D2D006FDDE5 /* Platformer_Game___Roy_AlamehUITests.swift in Sources */,
				24BCDBB029953D2D006FDDE5 /* Platformer_Game___Roy_AlamehUITestsLaunchTests.swift in Sources */,
			);
			runOnlyForDeploymentPostprocessing = 0;
		};
/* End PBXSourcesBuildPhase section */

/* Begin PBXTargetDependency section */
		24BCDBA129953D2D006FDDE5 /* PBXTargetDependency */ = {
			isa = PBXTargetDependency;
			target = 24BCDB8529953D2D006FDDE5 /* Platformer Game1 - Roy Alameh */;
			targetProxy = 24BCDBA029953D2D006FDDE5 /* PBXContainerItemProxy */;
		};
		24BCDBAB29953D2D006FDDE5 /* PBXTargetDependency */ = {
			isa = PBXTargetDependency;
			target = 24BCDB8529953D2D006FDDE5 /* Platformer Game1 - Roy Alameh */;
			targetProxy = 24BCDBAA29953D2D006FDDE5 /* PBXContainerItemProxy */;
		};
/* End PBXTargetDependency section */

/* Begin PBXVariantGroup section */
		24BCDB9329953D2D006FDDE5 /* Main.storyboard */ = {
			isa = PBXVariantGroup;
			children = (
				24BCDB9429953D2D006FDDE5 /* Base */,
			);
			name = Main.storyboard;
			sourceTree = "<group>";
		};
		24BCDB9829953D2D006FDDE5 /* LaunchScreen.storyboard */ = {
			isa = PBXVariantGroup;
			children = (
				24BCDB9929953D2D006FDDE5 /* Base */,
			);
			name = LaunchScreen.storyboard;
			sourceTree = "<group>";
		};
/* End PBXVariantGroup section */

/* Begin XCBuildConfiguration section */
		24BCDBB129953D2D006FDDE5 /* Debug */ = {
			isa = XCBuildConfiguration;
			buildSettings = {
				ALWAYS_SEARCH_USER_PATHS = NO;
				CLANG_ANALYZER_NONNULL = YES;
				CLANG_ANALYZER_NUMBER_OBJECT_CONVERSION = YES_AGGRESSIVE;
				CLANG_CXX_LANGUAGE_STANDARD = "gnu++20";
				CLANG_ENABLE_MODULES = YES;
				CLANG_ENABLE_OBJC_ARC = YES;
				CLANG_ENABLE_OBJC_WEAK = YES;
				CLANG_WARN_BLOCK_CAPTURE_AUTORELEASING = YES;
				CLANG_WARN_BOOL_CONVERSION = YES;
				CLANG_WARN_COMMA = YES;
				CLANG_WARN_CONSTANT_CONVERSION = YES;
				CLANG_WARN_DEPRECATED_OBJC_IMPLEMENTATIONS = YES;
				CLANG_WARN_DIRECT_OBJC_ISA_USAGE = YES_ERROR;
				CLANG_WARN_DOCUMENTATION_COMMENTS = YES;
				CLANG_WARN_EMPTY_BODY = YES;
				CLANG_WARN_ENUM_CONVERSION = YES;
				CLANG_WARN_INFINITE_RECURSION = YES;
				CLANG_WARN_INT_CONVERSION = YES;
				CLANG_WARN_NON_LITERAL_NULL_CONVERSION = YES;
				CLANG_WARN_OBJC_IMPLICIT_RETAIN_SELF = YES;
				CLANG_WARN_OBJC_LITERAL_CONVERSION = YES;
				CLANG_WARN_OBJC_ROOT_CLASS = YES_ERROR;
				CLANG_WARN_QUOTED_INCLUDE_IN_FRAMEWORK_HEADER = YES;
				CLANG_WARN_RANGE_LOOP_ANALYSIS = YES;
				CLANG_WARN_STRICT_PROTOTYPES = YES;
				CLANG_WARN_SUSPICIOUS_MOVE = YES;
				CLANG_WARN_UNGUARDED_AVAILABILITY = YES_AGGRESSIVE;
				CLANG_WARN_UNREACHABLE_CODE = YES;
				CLANG_WARN__DUPLICATE_METHOD_MATCH = YES;
				COPY_PHASE_STRIP = NO;
				DEBUG_INFORMATION_FORMAT = dwarf;
				ENABLE_STRICT_OBJC_MSGSEND = YES;
				ENABLE_TESTABILITY = YES;
				GCC_C_LANGUAGE_STANDARD = gnu11;
				GCC_DYNAMIC_NO_PIC = NO;
				GCC_NO_COMMON_BLOCKS = YES;
				GCC_OPTIMIZATION_LEVEL = 0;
				GCC_PREPROCESSOR_DEFINITIONS = (
					"DEBUG=1",
					"$(inherited)",
				);
				GCC_WARN_64_TO_32_BIT_CONVERSION = YES;
				GCC_WARN_ABOUT_RETURN_TYPE = YES_ERROR;
				GCC_WARN_UNDECLARED_SELECTOR = YES;
				GCC_WARN_UNINITIALIZED_AUTOS = YES_AGGRESSIVE;
				GCC_WARN_UNUSED_FUNCTION = YES;
				GCC_WARN_UNUSED_VARIABLE = YES;
				IPHONEOS_DEPLOYMENT_TARGET = 16.1;
				MTL_ENABLE_DEBUG_INFO = INCLUDE_SOURCE;
				MTL_FAST_MATH = YES;
				ONLY_ACTIVE_ARCH = YES;
				SDKROOT = iphoneos;
				SWIFT_ACTIVE_COMPILATION_CONDITIONS = DEBUG;
				SWIFT_OPTIMIZATION_LEVEL = "-Onone";
			};
			name = Debug;
		};
		24BCDBB229953D2D006FDDE5 /* Release */ = {
			isa = XCBuildConfiguration;
			buildSettings = {
				ALWAYS_SEARCH_USER_PATHS = NO;
				CLANG_ANALYZER_NONNULL = YES;
				CLANG_ANALYZER_NUMBER_OBJECT_CONVERSION = YES_AGGRESSIVE;
				CLANG_CXX_LANGUAGE_STANDARD = "gnu++20";
				CLANG_ENABLE_MODULES = YES;
				CLANG_ENABLE_OBJC_ARC = YES;
				CLANG_ENABLE_OBJC_WEAK = YES;
				CLANG_WARN_BLOCK_CAPTURE_AUTORELEASING = YES;
				CLANG_WARN_BOOL_CONVERSION = YES;
				CLANG_WARN_COMMA = YES;
				CLANG_WARN_CONSTANT_CONVERSION = YES;
				CLANG_WARN_DEPRECATED_OBJC_IMPLEMENTATIONS = YES;
				CLANG_WARN_DIRECT_OBJC_ISA_USAGE = YES_ERROR;
				CLANG_WARN_DOCUMENTATION_COMMENTS = YES;
				CLANG_WARN_EMPTY_BODY = YES;
				CLANG_WARN_ENUM_CONVERSION = YES;
				CLANG_WARN_INFINITE_RECURSION = YES;
				CLANG_WARN_INT_CONVERSION = YES;
				CLANG_WARN_NON_LITERAL_NULL_CONVERSION = YES;
				CLANG_WARN_OBJC_IMPLICIT_RETAIN_SELF = YES;
				CLANG_WARN_OBJC_LITERAL_CONVERSION = YES;
				CLANG_WARN_OBJC_ROOT_CLASS = YES_ERROR;
				CLANG_WARN_QUOTED_INCLUDE_IN_FRAMEWORK_HEADER = YES;
				CLANG_WARN_RANGE_LOOP_ANALYSIS = YES;
				CLANG_WARN_STRICT_PROTOTYPES = YES;
				CLANG_WARN_SUSPICIOUS_MOVE = YES;
				CLANG_WARN_UNGUARDED_AVAILABILITY = YES_AGGRESSIVE;
				CLANG_WARN_UNREACHABLE_CODE = YES;
				CLANG_WARN__DUPLICATE_METHOD_MATCH = YES;
				COPY_PHASE_STRIP = NO;
				DEBUG_INFORMATION_FORMAT = "dwarf-with-dsym";
				ENABLE_NS_ASSERTIONS = NO;
				ENABLE_STRICT_OBJC_MSGSEND = YES;
				GCC_C_LANGUAGE_STANDARD = gnu11;
				GCC_NO_COMMON_BLOCKS = YES;
				GCC_WARN_64_TO_32_BIT_CONVERSION = YES;
				GCC_WARN_ABOUT_RETURN_TYPE = YES_ERROR;
				GCC_WARN_UNDECLARED_SELECTOR = YES;
				GCC_WARN_UNINITIALIZED_AUTOS = YES_AGGRESSIVE;
				GCC_WARN_UNUSED_FUNCTION = YES;
				GCC_WARN_UNUSED_VARIABLE = YES;
				IPHONEOS_DEPLOYMENT_TARGET = 16.1;
				MTL_ENABLE_DEBUG_INFO = NO;
				MTL_FAST_MATH = YES;
				SDKROOT = iphoneos;
				SWIFT_COMPILATION_MODE = wholemodule;
				SWIFT_OPTIMIZATION_LEVEL = "-O";
				VALIDATE_PRODUCT = YES;
			};
			name = Release;
		};
		24BCDBB429953D2D006FDDE5 /* Debug */ = {
			isa = XCBuildConfiguration;
			buildSettings = {
				ASSETCATALOG_COMPILER_APPICON_NAME = AppIcon;
				ASSETCATALOG_COMPILER_GLOBAL_ACCENT_COLOR_NAME = AccentColor;
				CODE_SIGN_IDENTITY = "Apple Development";
				CODE_SIGN_STYLE = Automatic;
				CURRENT_PROJECT_VERSION = 1;
				DEVELOPMENT_TEAM = LKW7UKGZ29;
				GENERATE_INFOPLIST_FILE = YES;
				INFOPLIST_KEY_UIApplicationSupportsIndirectInputEvents = YES;
				INFOPLIST_KEY_UILaunchStoryboardName = LaunchScreen;
				INFOPLIST_KEY_UIMainStoryboardFile = Main;
				INFOPLIST_KEY_UIRequiresFullScreen = YES;
				INFOPLIST_KEY_UIStatusBarHidden = YES;
				INFOPLIST_KEY_UISupportedInterfaceOrientations = UIInterfaceOrientationLandscapeRight;
				IPHONEOS_DEPLOYMENT_TARGET = 16.2;
				LD_RUNPATH_SEARCH_PATHS = (
					"$(inherited)",
					"@executable_path/Frameworks",
				);
				MARKETING_VERSION = 3.0;
				PRODUCT_BUNDLE_IDENTIFIER = "clc.roy.Platformer-Game---Roy-Alameh";
				PRODUCT_NAME = "$(TARGET_NAME)";
				PROVISIONING_PROFILE_SPECIFIER = "";
				SUPPORTED_PLATFORMS = "iphoneos iphonesimulator";
				SUPPORTS_MACCATALYST = NO;
				SUPPORTS_MAC_DESIGNED_FOR_IPHONE_IPAD = YES;
				SWIFT_EMIT_LOC_STRINGS = YES;
				SWIFT_VERSION = 5.0;
				TARGETED_DEVICE_FAMILY = 1;
			};
			name = Debug;
		};
		24BCDBB529953D2D006FDDE5 /* Release */ = {
			isa = XCBuildConfiguration;
			buildSettings = {
				ASSETCATALOG_COMPILER_APPICON_NAME = AppIcon;
				ASSETCATALOG_COMPILER_GLOBAL_ACCENT_COLOR_NAME = AccentColor;
				CODE_SIGN_IDENTITY = "Apple Development";
				CODE_SIGN_STYLE = Automatic;
				CURRENT_PROJECT_VERSION = 1;
				DEVELOPMENT_TEAM = LKW7UKGZ29;
				GENERATE_INFOPLIST_FILE = YES;
				INFOPLIST_KEY_UIApplicationSupportsIndirectInputEvents = YES;
				INFOPLIST_KEY_UILaunchStoryboardName = LaunchScreen;
				INFOPLIST_KEY_UIMainStoryboardFile = Main;
				INFOPLIST_KEY_UIRequiresFullScreen = YES;
				INFOPLIST_KEY_UIStatusBarHidden = YES;
				INFOPLIST_KEY_UISupportedInterfaceOrientations = UIInterfaceOrientationLandscapeRight;
				IPHONEOS_DEPLOYMENT_TARGET = 16.2;
				LD_RUNPATH_SEARCH_PATHS = (
					"$(inherited)",
					"@executable_path/Frameworks",
				);
				MARKETING_VERSION = 3.0;
				PRODUCT_BUNDLE_IDENTIFIER = "clc.roy.Platformer-Game---Roy-Alameh";
				PRODUCT_NAME = "$(TARGET_NAME)";
				PROVISIONING_PROFILE_SPECIFIER = "";
				SUPPORTED_PLATFORMS = "iphoneos iphonesimulator";
				SUPPORTS_MACCATALYST = NO;
				SUPPORTS_MAC_DESIGNED_FOR_IPHONE_IPAD = YES;
				SWIFT_EMIT_LOC_STRINGS = YES;
				SWIFT_VERSION = 5.0;
				TARGETED_DEVICE_FAMILY = 1;
			};
			name = Release;
		};
		24BCDBB729953D2D006FDDE5 /* Debug */ = {
			isa = XCBuildConfiguration;
			buildSettings = {
				ALWAYS_EMBED_SWIFT_STANDARD_LIBRARIES = YES;
				BUNDLE_LOADER = "$(TEST_HOST)";
				CODE_SIGN_STYLE = Automatic;
				CURRENT_PROJECT_VERSION = 1;
				DEVELOPMENT_TEAM = CUGGN4XMQF;
				GENERATE_INFOPLIST_FILE = YES;
				IPHONEOS_DEPLOYMENT_TARGET = 16.2;
				MARKETING_VERSION = 1.0;
				PRODUCT_BUNDLE_IDENTIFIER = "clc.roy.Platformer-Game---Roy-AlamehTests";
				PRODUCT_NAME = "$(TARGET_NAME)";
				SWIFT_EMIT_LOC_STRINGS = NO;
				SWIFT_VERSION = 5.0;
				TARGETED_DEVICE_FAMILY = "1,2";
				TEST_HOST = "$(BUILT_PRODUCTS_DIR)/Platformer Game1 - Roy Alameh.app/$(BUNDLE_EXECUTABLE_FOLDER_PATH)/Platformer Game1 - Roy Alameh";
			};
			name = Debug;
		};
		24BCDBB829953D2D006FDDE5 /* Release */ = {
			isa = XCBuildConfiguration;
			buildSettings = {
				ALWAYS_EMBED_SWIFT_STANDARD_LIBRARIES = YES;
				BUNDLE_LOADER = "$(TEST_HOST)";
				CODE_SIGN_STYLE = Automatic;
				CURRENT_PROJECT_VERSION = 1;
				DEVELOPMENT_TEAM = CUGGN4XMQF;
				GENERATE_INFOPLIST_FILE = YES;
				IPHONEOS_DEPLOYMENT_TARGET = 16.2;
				MARKETING_VERSION = 1.0;
				PRODUCT_BUNDLE_IDENTIFIER = "clc.roy.Platformer-Game---Roy-AlamehTests";
				PRODUCT_NAME = "$(TARGET_NAME)";
				SWIFT_EMIT_LOC_STRINGS = NO;
				SWIFT_VERSION = 5.0;
				TARGETED_DEVICE_FAMILY = "1,2";
				TEST_HOST = "$(BUILT_PRODUCTS_DIR)/Platformer Game1 - Roy Alameh.app/$(BUNDLE_EXECUTABLE_FOLDER_PATH)/Platformer Game1 - Roy Alameh";
			};
			name = Release;
		};
		24BCDBBA29953D2D006FDDE5 /* Debug */ = {
			isa = XCBuildConfiguration;
			buildSettings = {
				ALWAYS_EMBED_SWIFT_STANDARD_LIBRARIES = YES;
				CODE_SIGN_IDENTITY = "Apple Development";
				CODE_SIGN_STYLE = Automatic;
				CURRENT_PROJECT_VERSION = 1;
				DEVELOPMENT_TEAM = CUGGN4XMQF;
				GENERATE_INFOPLIST_FILE = YES;
				MARKETING_VERSION = 1.0;
				PRODUCT_BUNDLE_IDENTIFIER = "clc.roy.Platformer-Game---Roy-AlamehUITests";
				PRODUCT_NAME = "$(TARGET_NAME)";
				PROVISIONING_PROFILE_SPECIFIER = "";
				SWIFT_EMIT_LOC_STRINGS = NO;
				SWIFT_VERSION = 5.0;
				TARGETED_DEVICE_FAMILY = "1,2";
				TEST_TARGET_NAME = "Platformer Game - Roy Alameh";
			};
			name = Debug;
		};
		24BCDBBB29953D2D006FDDE5 /* Release */ = {
			isa = XCBuildConfiguration;
			buildSettings = {
				ALWAYS_EMBED_SWIFT_STANDARD_LIBRARIES = YES;
				CODE_SIGN_IDENTITY = "Apple Development";
				CODE_SIGN_STYLE = Automatic;
				CURRENT_PROJECT_VERSION = 1;
				DEVELOPMENT_TEAM = CUGGN4XMQF;
				GENERATE_INFOPLIST_FILE = YES;
				MARKETING_VERSION = 1.0;
				PRODUCT_BUNDLE_IDENTIFIER = "clc.roy.Platformer-Game---Roy-AlamehUITests";
				PRODUCT_NAME = "$(TARGET_NAME)";
				PROVISIONING_PROFILE_SPECIFIER = "";
				SWIFT_EMIT_LOC_STRINGS = NO;
				SWIFT_VERSION = 5.0;
				TARGETED_DEVICE_FAMILY = "1,2";
				TEST_TARGET_NAME = "Platformer Game - Roy Alameh";
			};
			name = Release;
		};
/* End XCBuildConfiguration section */

/* Begin XCConfigurationList section */
		24BCDB8129953D2D006FDDE5 /* Build configuration list for PBXProject "Platformer Game1 - Roy Alameh" */ = {
			isa = XCConfigurationList;
			buildConfigurations = (
				24BCDBB129953D2D006FDDE5 /* Debug */,
				24BCDBB229953D2D006FDDE5 /* Release */,
			);
			defaultConfigurationIsVisible = 0;
			defaultConfigurationName = Release;
		};
		24BCDBB329953D2D006FDDE5 /* Build configuration list for PBXNativeTarget "Platformer Game1 - Roy Alameh" */ = {
			isa = XCConfigurationList;
			buildConfigurations = (
				24BCDBB429953D2D006FDDE5 /* Debug */,
				24BCDBB529953D2D006FDDE5 /* Release */,
			);
			defaultConfigurationIsVisible = 0;
			defaultConfigurationName = Release;
		};
		24BCDBB629953D2D006FDDE5 /* Build configuration list for PBXNativeTarget "Platformer Game1 - Roy AlamehTests" */ = {
			isa = XCConfigurationList;
			buildConfigurations = (
				24BCDBB729953D2D006FDDE5 /* Debug */,
				24BCDBB829953D2D006FDDE5 /* Release */,
			);
			defaultConfigurationIsVisible = 0;
			defaultConfigurationName = Release;
		};
		24BCDBB929953D2D006FDDE5 /* Build configuration list for PBXNativeTarget "Platformer Game1 - Roy AlamehUITests" */ = {
			isa = XCConfigurationList;
			buildConfigurations = (
				24BCDBBA29953D2D006FDDE5 /* Debug */,
				24BCDBBB29953D2D006FDDE5 /* Release */,
			);
			defaultConfigurationIsVisible = 0;
			defaultConfigurationName = Release;
		};
/* End XCConfigurationList section */
	};
	rootObject = 24BCDB7E29953D2D006FDDE5 /* Project object */;
}
